
Microsoft Visual Studio Solution File, Format Version 12.00
# Visual Studio Version 16
VisualStudioVersion = 16.0.32106.194
MinimumVisualStudioVersion = 10.0.40219.1
Project("{FAE04EC0-301F-11D3-BF4B-00C04F79EFBC}") = "PlayerUI", "PlayerUI\PlayerUI.csproj", "{6090FB59-D13C-4C44-A42D-6520EF4CF44F}"
EndProject
Global
	GlobalSection(SolutionConfigurationPlatforms) = preSolution
		Debug|Any CPU = Debug|Any CPU
		Release|Any CPU = Release|Any CPU
	EndGlobalSection
	GlobalSection(ProjectConfigurationPlatforms) = postSolution
		{6090FB59-D13C-4C44-A42D-6520EF4CF44F}.Debug|Any CPU.ActiveCfg = Debug|Any CPU
		{6090FB59-D13C-4C44-A42D-6520EF4CF44F}.Debug|Any CPU.Build.0 = Debug|Any CPU
		{6090FB59-D13C-4C44-A42D-6520EF4CF44F}.Release|Any CPU.ActiveCfg = Release|Any CPU
		{6090FB59-D13C-4C44-A42D-6520EF4CF44F}.Release|Any CPU.Build.0 = Release|Any CPU
	EndGlobalSection
	GlobalSection(SolutionProperties) = preSolution
		HideSolutionNode = FALSE
	EndGlobalSection
	GlobalSection(ExtensibilityGlobals) = postSolution
		SolutionGuid = {BEE3FE56-C211-423F-9E56-5B2C3F9ED88C}
	EndGlobalSection
EndGlobal
